
Microsoft Visual Studio Solution File, Format Version 12.00
# Visual Studio Version 17
VisualStudioVersion = 17.5.002.0
MinimumVisualStudioVersion = 10.0.40219.1
Project("{9A19103F-16F7-4668-BE54-9A1E7A4F7556}") = "DotnetAPI", "DotnetAPI.csproj", "{CBC64218-FF59-41BA-835D-5DFBE80B85A1}"
EndProject
Global
	GlobalSection(SolutionConfigurationPlatforms) = preSolution
		Debug|Any CPU = Debug|Any CPU
		Release|Any CPU = Release|Any CPU
	EndGlobalSection
	GlobalSection(ProjectConfigurationPlatforms) = postSolution
		{CBC64218-FF59-41BA-835D-5DFBE80B85A1}.Debug|Any CPU.ActiveCfg = Debug|Any CPU
		{CBC64218-FF59-41BA-835D-5DFBE80B85A1}.Debug|Any CPU.Build.0 = Debug|Any CPU
		{CBC64218-FF59-41BA-835D-5DFBE80B85A1}.Release|Any CPU.ActiveCfg = Release|Any CPU
		{CBC64218-FF59-41BA-835D-5DFBE80B85A1}.Release|Any CPU.Build.0 = Release|Any CPU
	EndGlobalSection
	GlobalSection(SolutionProperties) = preSolution
		HideSolutionNode = FALSE
	EndGlobalSection
	GlobalSection(ExtensibilityGlobals) = postSolution
		SolutionGuid = {197AD73B-346F-463E-927F-B8FDCBFF9ACE}
	EndGlobalSection
EndGlobal
